// !$*UTF8*$!
{
	archiveVersion = 1;
	classes = {
	};
	objectVersion = 50;
	objects = {

/* Begin PBXBuildFile section */
		CF335DAD2630026A00C0EF66 /* PodPageMenu.framework in Frameworks */ = {isa = PBXBuildFile; fileRef = CF335DA32630026A00C0EF66 /* PodPageMenu.framework */; };
		CF335DB22630026A00C0EF66 /* PodPageMenuTests.swift in Sources */ = {isa = PBXBuildFile; fileRef = CF335DB12630026A00C0EF66 /* PodPageMenuTests.swift */; };
		CF335DB42630026A00C0EF66 /* PodPageMenu.h in Headers */ = {isa = PBXBuildFile; fileRef = CF335DA62630026A00C0EF66 /* PodPageMenu.h */; settings = {ATTRIBUTES = (Public, ); }; };
		CFF0282626318FCC00167A0A /* PodPageMenu.swift in Sources */ = {isa = PBXBuildFile; fileRef = CFF0282526318FCC00167A0A /* PodPageMenu.swift */; };
/* End PBXBuildFile section */

/* Begin PBXContainerItemProxy section */
		CF335DAE2630026A00C0EF66 /* PBXContainerItemProxy */ = {
			isa = PBXContainerItemProxy;
			containerPortal = CF335D9A2630026900C0EF66 /* Project object */;
			proxyType = 1;
			remoteGlobalIDString = CF335DA22630026A00C0EF66;
			remoteInfo = PodPageMenu;
		};
/* End PBXContainerItemProxy section */

/* Begin PBXFileReference section */
		CF335DA32630026A00C0EF66 /* PodPageMenu.framework */ = {isa = PBXFileReference; explicitFileType = wrapper.framework; includeInIndex = 0; path = PodPageMenu.framework; sourceTree = BUILT_PRODUCTS_DIR; };
		CF335DA62630026A00C0EF66 /* PodPageMenu.h */ = {isa = PBXFileReference; lastKnownFileType = sourcecode.c.h; path = PodPageMenu.h; sourceTree = "<group>"; };
		CF335DA72630026A00C0EF66 /* Info.plist */ = {isa = PBXFileReference; lastKnownFileType = text.plist.xml; path = Info.plist; sourceTree = "<group>"; };
		CF335DAC2630026A00C0EF66 /* PodPageMenuTests.xctest */ = {isa = PBXFileReference; explicitFileType = wrapper.cfbundle; includeInIndex = 0; path = PodPageMenuTests.xctest; sourceTree = BUILT_PRODUCTS_DIR; };
		CF335DB12630026A00C0EF66 /* PodPageMenuTests.swift */ = {isa = PBXFileReference; lastKnownFileType = sourcecode.swift; path = PodPageMenuTests.swift; sourceTree = "<group>"; };
		CF335DB32630026A00C0EF66 /* Info.plist */ = {isa = PBXFileReference; lastKnownFileType = text.plist.xml; path = Info.plist; sourceTree = "<group>"; };
		CFF0282526318FCC00167A0A /* PodPageMenu.swift */ = {isa = PBXFileReference; lastKnownFileType = sourcecode.swift; path = PodPageMenu.swift; sourceTree = "<group>"; };
/* End PBXFileReference section */

/* Begin PBXFrameworksBuildPhase section */
		CF335DA02630026A00C0EF66 /* Frameworks */ = {
			isa = PBXFrameworksBuildPhase;
			buildActionMask = 2147483647;
			files = (
			);
			runOnlyForDeploymentPostprocessing = 0;
		};
		CF335DA92630026A00C0EF66 /* Frameworks */ = {
			isa = PBXFrameworksBuildPhase;
			buildActionMask = 2147483647;
			files = (
				CF335DAD2630026A00C0EF66 /* PodPageMenu.framework in Frameworks */,
			);
			runOnlyForDeploymentPostprocessing = 0;
		};
/* End PBXFrameworksBuildPhase section */

/* Begin PBXGroup section */
		CF335D992630026900C0EF66 = {
			isa = PBXGroup;
			children = (
				CF335DA52630026A00C0EF66 /* PodPageMenu */,
				CF335DB02630026A00C0EF66 /* PodPageMenuTests */,
				CF335DA42630026A00C0EF66 /* Products */,
			);
			sourceTree = "<group>";
		};
		CF335DA42630026A00C0EF66 /* Products */ = {
			isa = PBXGroup;
			children = (
				CF335DA32630026A00C0EF66 /* PodPageMenu.framework */,
				CF335DAC2630026A00C0EF66 /* PodPageMenuTests.xctest */,
			);
			name = Products;
			sourceTree = "<group>";
		};
		CF335DA52630026A00C0EF66 /* PodPageMenu */ = {
			isa = PBXGroup;
			children = (
				CF335DA62630026A00C0EF66 /* PodPageMenu.h */,
				CF335DA72630026A00C0EF66 /* Info.plist */,
				CFF0282526318FCC00167A0A /* PodPageMenu.swift */,
			);
			path = PodPageMenu;
			sourceTree = "<group>";
		};
		CF335DB02630026A00C0EF66 /* PodPageMenuTests */ = {
			isa = PBXGroup;
			children = (
				CF335DB12630026A00C0EF66 /* PodPageMenuTests.swift */,
				CF335DB32630026A00C0EF66 /* Info.plist */,
			);
			path = PodPageMenuTests;
			sourceTree = "<group>";
		};
/* End PBXGroup section */

/* Begin PBXHeadersBuildPhase section */
		CF335D9E2630026A00C0EF66 /* Headers */ = {
			isa = PBXHeadersBuildPhase;
			buildActionMask = 2147483647;
			files = (
				CF335DB42630026A00C0EF66 /* PodPageMenu.h in Headers */,
			);
			runOnlyForDeploymentPostprocessing = 0;
		};
/* End PBXHeadersBuildPhase section */

/* Begin PBXNativeTarget section */
		CF335DA22630026A00C0EF66 /* PodPageMenu */ = {
			isa = PBXNativeTarget;
			buildConfigurationList = CF335DB72630026A00C0EF66 /* Build configuration list for PBXNativeTarget "PodPageMenu" */;
			buildPhases = (
				CF335D9E2630026A00C0EF66 /* Headers */,
				CF335D9F2630026A00C0EF66 /* Sources */,
				CF335DA02630026A00C0EF66 /* Frameworks */,
				CF335DA12630026A00C0EF66 /* Resources */,
			);
			buildRules = (
			);
			dependencies = (
			);
			name = PodPageMenu;
			productName = PodPageMenu;
			productReference = CF335DA32630026A00C0EF66 /* PodPageMenu.framework */;
			productType = "com.apple.product-type.framework";
		};
		CF335DAB2630026A00C0EF66 /* PodPageMenuTests */ = {
			isa = PBXNativeTarget;
			buildConfigurationList = CF335DBA2630026A00C0EF66 /* Build configuration list for PBXNativeTarget "PodPageMenuTests" */;
			buildPhases = (
				CF335DA82630026A00C0EF66 /* Sources */,
				CF335DA92630026A00C0EF66 /* Frameworks */,
				CF335DAA2630026A00C0EF66 /* Resources */,
			);
			buildRules = (
			);
			dependencies = (
				CF335DAF2630026A00C0EF66 /* PBXTargetDependency */,
			);
			name = PodPageMenuTests;
			productName = PodPageMenuTests;
			productReference = CF335DAC2630026A00C0EF66 /* PodPageMenuTests.xctest */;
			productType = "com.apple.product-type.bundle.unit-test";
		};
/* End PBXNativeTarget section */

/* Begin PBXProject section */
		CF335D9A2630026900C0EF66 /* Project object */ = {
			isa = PBXProject;
			attributes = {
				LastSwiftUpdateCheck = 1240;
				LastUpgradeCheck = 1240;
				TargetAttributes = {
					CF335DA22630026A00C0EF66 = {
						CreatedOnToolsVersion = 12.4;
						LastSwiftMigration = 1240;
					};
					CF335DAB2630026A00C0EF66 = {
						CreatedOnToolsVersion = 12.4;
					};
				};
			};
			buildConfigurationList = CF335D9D2630026900C0EF66 /* Build configuration list for PBXProject "PodPageMenu" */;
			compatibilityVersion = "Xcode 9.3";
			developmentRegion = en;
			hasScannedForEncodings = 0;
			knownRegions = (
				en,
				Base,
			);
			mainGroup = CF335D992630026900C0EF66;
			productRefGroup = CF335DA42630026A00C0EF66 /* Products */;
			projectDirPath = "";
			projectRoot = "";
			targets = (
				CF335DA22630026A00C0EF66 /* PodPageMenu */,
				CF335DAB2630026A00C0EF66 /* PodPageMenuTests */,
			);
		};
/* End PBXProject section */

/* Begin PBXResourcesBuildPhase section */
		CF335DA12630026A00C0EF66 /* Resources */ = {
			isa = PBXResourcesBuildPhase;
			buildActionMask = 2147483647;
			files = (
			);
			runOnlyForDeploymentPostprocessing = 0;
		};
		CF335DAA2630026A00C0EF66 /* Resources */ = {
			isa = PBXResourcesBuildPhase;
			buildActionMask = 2147483647;
			files = (
			);
			runOnlyForDeploymentPostprocessing = 0;
		};
/* End PBXResourcesBuildPhase section */

/* Begin PBXSourcesBuildPhase section */
		CF335D9F2630026A00C0EF66 /* Sources */ = {
			isa = PBXSourcesBuildPhase;
			buildActionMask = 2147483647;
			files = (
				CFF0282626318FCC00167A0A /* PodPageMenu.swift in Sources */,
			);
			runOnlyForDeploymentPostprocessing = 0;
		};
		CF335DA82630026A00C0EF66 /* Sources */ = {
			isa = PBXSourcesBuildPhase;
			buildActionMask = 2147483647;
			files = (
				CF335DB22630026A00C0EF66 /* PodPageMenuTests.swift in Sources */,
			);
			runOnlyForDeploymentPostprocessing = 0;
		};
/* End PBXSourcesBuildPhase section */

/* Begin PBXTargetDependency section */
		CF335DAF2630026A00C0EF66 /* PBXTargetDependency */ = {
			isa = PBXTargetDependency;
			target = CF335DA22630026A00C0EF66 /* PodPageMenu */;
			targetProxy = CF335DAE2630026A00C0EF66 /* PBXContainerItemProxy */;
		};
/* End PBXTargetDependency section */

/* Begin XCBuildConfiguration section */
		CF335DB52630026A00C0EF66 /* Debug */ = {
			isa = XCBuildConfiguration;
			buildSettings = {
				ALWAYS_SEARCH_USER_PATHS = NO;
				CLANG_ANALYZER_NONNULL = YES;
				CLANG_ANALYZER_NUMBER_OBJECT_CONVERSION = YES_AGGRESSIVE;
				CLANG_CXX_LANGUAGE_STANDARD = "gnu++14";
				CLANG_CXX_LIBRARY = "libc++";
				CLANG_ENABLE_MODULES = YES;
				CLANG_ENABLE_OBJC_ARC = YES;
				CLANG_ENABLE_OBJC_WEAK = YES;
				CLANG_WARN_BLOCK_CAPTURE_AUTORELEASING = YES;
				CLANG_WARN_BOOL_CONVERSION = YES;
				CLANG_WARN_COMMA = YES;
				CLANG_WARN_CONSTANT_CONVERSION = YES;
				CLANG_WARN_DEPRECATED_OBJC_IMPLEMENTATIONS = YES;
				CLANG_WARN_DIRECT_OBJC_ISA_USAGE = YES_ERROR;
				CLANG_WARN_DOCUMENTATION_COMMENTS = YES;
				CLANG_WARN_EMPTY_BODY = YES;
				CLANG_WARN_ENUM_CONVERSION = YES;
				CLANG_WARN_INFINITE_RECURSION = YES;
				CLANG_WARN_INT_CONVERSION = YES;
				CLANG_WARN_NON_LITERAL_NULL_CONVERSION = YES;
				CLANG_WARN_OBJC_IMPLICIT_RETAIN_SELF = YES;
				CLANG_WARN_OBJC_LITERAL_CONVERSION = YES;
				CLANG_WARN_OBJC_ROOT_CLASS = YES_ERROR;
				CLANG_WARN_QUOTED_INCLUDE_IN_FRAMEWORK_HEADER = YES;
				CLANG_WARN_RANGE_LOOP_ANALYSIS = YES;
				CLANG_WARN_STRICT_PROTOTYPES = YES;
				CLANG_WARN_SUSPICIOUS_MOVE = YES;
				CLANG_WARN_UNGUARDED_AVAILABILITY = YES_AGGRESSIVE;
				CLANG_WARN_UNREACHABLE_CODE = YES;
				CLANG_WARN__DUPLICATE_METHOD_MATCH = YES;
				COPY_PHASE_STRIP = NO;
				CURRENT_PROJECT_VERSION = 1;
				DEBUG_INFORMATION_FORMAT = dwarf;
				ENABLE_STRICT_OBJC_MSGSEND = YES;
				ENABLE_TESTABILITY = YES;
				GCC_C_LANGUAGE_STANDARD = gnu11;
				GCC_DYNAMIC_NO_PIC = NO;
				GCC_NO_COMMON_BLOCKS = YES;
				GCC_OPTIMIZATION_LEVEL = 0;
				GCC_PREPROCESSOR_DEFINITIONS = (
					"DEBUG=1",
					"$(inherited)",
				);
				GCC_WARN_64_TO_32_BIT_CONVERSION = YES;
				GCC_WARN_ABOUT_RETURN_TYPE = YES_ERROR;
				GCC_WARN_UNDECLARED_SELECTOR = YES;
				GCC_WARN_UNINITIALIZED_AUTOS = YES_AGGRESSIVE;
				GCC_WARN_UNUSED_FUNCTION = YES;
				GCC_WARN_UNUSED_VARIABLE = YES;
				IPHONEOS_DEPLOYMENT_TARGET = 14.4;
				MTL_ENABLE_DEBUG_INFO = INCLUDE_SOURCE;
				MTL_FAST_MATH = YES;
				ONLY_ACTIVE_ARCH = YES;
				SDKROOT = iphoneos;
				SWIFT_ACTIVE_COMPILATION_CONDITIONS = DEBUG;
				SWIFT_OPTIMIZATION_LEVEL = "-Onone";
				VERSIONING_SYSTEM = "apple-generic";
				VERSION_INFO_PREFIX = "";
			};
			name = Debug;
		};
		CF335DB62630026A00C0EF66 /* Release */ = {
			isa = XCBuildConfiguration;
			buildSettings = {
				ALWAYS_SEARCH_USER_PATHS = NO;
				CLANG_ANALYZER_NONNULL = YES;
				CLANG_ANALYZER_NUMBER_OBJECT_CONVERSION = YES_AGGRESSIVE;
				CLANG_CXX_LANGUAGE_STANDARD = "gnu++14";
				CLANG_CXX_LIBRARY = "libc++";
				CLANG_ENABLE_MODULES = YES;
				CLANG_ENABLE_OBJC_ARC = YES;
				CLANG_ENABLE_OBJC_WEAK = YES;
				CLANG_WARN_BLOCK_CAPTURE_AUTORELEASING = YES;
				CLANG_WARN_BOOL_CONVERSION = YES;
				CLANG_WARN_COMMA = YES;
				CLANG_WARN_CONSTANT_CONVERSION = YES;
				CLANG_WARN_DEPRECATED_OBJC_IMPLEMENTATIONS = YES;
				CLANG_WARN_DIRECT_OBJC_ISA_USAGE = YES_ERROR;
				CLANG_WARN_DOCUMENTATION_COMMENTS = YES;
				CLANG_WARN_EMPTY_BODY = YES;
				CLANG_WARN_ENUM_CONVERSION = YES;
				CLANG_WARN_INFINITE_RECURSION = YES;
				CLANG_WARN_INT_CONVERSION = YES;
				CLANG_WARN_NON_LITERAL_NULL_CONVERSION = YES;
				CLANG_WARN_OBJC_IMPLICIT_RETAIN_SELF = YES;
				CLANG_WARN_OBJC_LITERAL_CONVERSION = YES;
				CLANG_WARN_OBJC_ROOT_CLASS = YES_ERROR;
				CLANG_WARN_QUOTED_INCLUDE_IN_FRAMEWORK_HEADER = YES;
				CLANG_WARN_RANGE_LOOP_ANALYSIS = YES;
				CLANG_WARN_STRICT_PROTOTYPES = YES;
				CLANG_WARN_SUSPICIOUS_MOVE = YES;
				CLANG_WARN_UNGUARDED_AVAILABILITY = YES_AGGRESSIVE;
				CLANG_WARN_UNREACHABLE_CODE = YES;
				CLANG_WARN__DUPLICATE_METHOD_MATCH = YES;
				COPY_PHASE_STRIP = NO;
				CURRENT_PROJECT_VERSION = 1;
				DEBUG_INFORMATION_FORMAT = "dwarf-with-dsym";
				ENABLE_NS_ASSERTIONS = NO;
				ENABLE_STRICT_OBJC_MSGSEND = YES;
				GCC_C_LANGUAGE_STANDARD = gnu11;
				GCC_NO_COMMON_BLOCKS = YES;
				GCC_WARN_64_TO_32_BIT_CONVERSION = YES;
				GCC_WARN_ABOUT_RETURN_TYPE = YES_ERROR;
				GCC_WARN_UNDECLARED_SELECTOR = YES;
				GCC_WARN_UNINITIALIZED_AUTOS = YES_AGGRESSIVE;
				GCC_WARN_UNUSED_FUNCTION = YES;
				GCC_WARN_UNUSED_VARIABLE = YES;
				IPHONEOS_DEPLOYMENT_TARGET = 14.4;
				MTL_ENABLE_DEBUG_INFO = NO;
				MTL_FAST_MATH = YES;
				SDKROOT = iphoneos;
				SWIFT_COMPILATION_MODE = wholemodule;
				SWIFT_OPTIMIZATION_LEVEL = "-O";
				VALIDATE_PRODUCT = YES;
				VERSIONING_SYSTEM = "apple-generic";
				VERSION_INFO_PREFIX = "";
			};
			name = Release;
		};
		CF335DB82630026A00C0EF66 /* Debug */ = {
			isa = XCBuildConfiguration;
			buildSettings = {
				CLANG_ENABLE_MODULES = YES;
				CODE_SIGN_STYLE = Automatic;
				DEFINES_MODULE = YES;
				DEVELOPMENT_TEAM = FV6LSDGT2M;
				DYLIB_COMPATIBILITY_VERSION = 1;
				DYLIB_CURRENT_VERSION = 1;
				DYLIB_INSTALL_NAME_BASE = "@rpath";
				INFOPLIST_FILE = PodPageMenu/Info.plist;
				INSTALL_PATH = "$(LOCAL_LIBRARY_DIR)/Frameworks";
				LD_RUNPATH_SEARCH_PATHS = (
					"$(inherited)",
					"@executable_path/Frameworks",
					"@loader_path/Frameworks",
				);
				PRODUCT_BUNDLE_IDENTIFIER = com.new.app.PodPageMenu;
				PRODUCT_NAME = "$(TARGET_NAME:c99extidentifier)";
				SKIP_INSTALL = YES;
				SWIFT_OPTIMIZATION_LEVEL = "-Onone";
				SWIFT_VERSION = 5.0;
				TARGETED_DEVICE_FAMILY = "1,2";
			};
			name = Debug;
		};
		CF335DB92630026A00C0EF66 /* Release */ = {
			isa = XCBuildConfiguration;
			buildSettings = {
				CLANG_ENABLE_MODULES = YES;
				CODE_SIGN_STYLE = Automatic;
				DEFINES_MODULE = YES;
				DEVELOPMENT_TEAM = FV6LSDGT2M;
				DYLIB_COMPATIBILITY_VERSION = 1;
				DYLIB_CURRENT_VERSION = 1;
				DYLIB_INSTALL_NAME_BASE = "@rpath";
				INFOPLIST_FILE = PodPageMenu/Info.plist;
				INSTALL_PATH = "$(LOCAL_LIBRARY_DIR)/Frameworks";
				LD_RUNPATH_SEARCH_PATHS = (
					"$(inherited)",
					"@executable_path/Frameworks",
					"@loader_path/Frameworks",
				);
				PRODUCT_BUNDLE_IDENTIFIER = com.new.app.PodPageMenu;
				PRODUCT_NAME = "$(TARGET_NAME:c99extidentifier)";
				SKIP_INSTALL = YES;
				SWIFT_VERSION = 5.0;
				TARGETED_DEVICE_FAMILY = "1,2";
			};
			name = Release;
		};
		CF335DBB2630026A00C0EF66 /* Debug */ = {
			isa = XCBuildConfiguration;
			buildSettings = {
				ALWAYS_EMBED_SWIFT_STANDARD_LIBRARIES = YES;
				CODE_SIGN_STYLE = Automatic;
				DEVELOPMENT_TEAM = FV6LSDGT2M;
				INFOPLIST_FILE = PodPageMenuTests/Info.plist;
				LD_RUNPATH_SEARCH_PATHS = (
					"$(inherited)",
					"@executable_path/Frameworks",
					"@loader_path/Frameworks",
				);
				PRODUCT_BUNDLE_IDENTIFIER = com.new.app.PodPageMenuTests;
				PRODUCT_NAME = "$(TARGET_NAME)";
				SWIFT_VERSION = 5.0;
				TARGETED_DEVICE_FAMILY = "1,2";
			};
			name = Debug;
		};
		CF335DBC2630026A00C0EF66 /* Release */ = {
			isa = XCBuildConfiguration;
			buildSettings = {
				ALWAYS_EMBED_SWIFT_STANDARD_LIBRARIES = YES;
				CODE_SIGN_STYLE = Automatic;
				DEVELOPMENT_TEAM = FV6LSDGT2M;
				INFOPLIST_FILE = PodPageMenuTests/Info.plist;
				LD_RUNPATH_SEARCH_PATHS = (
					"$(inherited)",
					"@executable_path/Frameworks",
					"@loader_path/Frameworks",
				);
				PRODUCT_BUNDLE_IDENTIFIER = com.new.app.PodPageMenuTests;
				PRODUCT_NAME = "$(TARGET_NAME)";
				SWIFT_VERSION = 5.0;
				TARGETED_DEVICE_FAMILY = "1,2";
			};
			name = Release;
		};
/* End XCBuildConfiguration section */

/* Begin XCConfigurationList section */
		CF335D9D2630026900C0EF66 /* Build configuration list for PBXProject "PodPageMenu" */ = {
			isa = XCConfigurationList;
			buildConfigurations = (
				CF335DB52630026A00C0EF66 /* Debug */,
				CF335DB62630026A00C0EF66 /* Release */,
			);
			defaultConfigurationIsVisible = 0;
			defaultConfigurationName = Release;
		};
		CF335DB72630026A00C0EF66 /* Build configuration list for PBXNativeTarget "PodPageMenu" */ = {
			isa = XCConfigurationList;
			buildConfigurations = (
				CF335DB82630026A00C0EF66 /* Debug */,
				CF335DB92630026A00C0EF66 /* Release */,
			);
			defaultConfigurationIsVisible = 0;
			defaultConfigurationName = Release;
		};
		CF335DBA2630026A00C0EF66 /* Build configuration list for PBXNativeTarget "PodPageMenuTests" */ = {
			isa = XCConfigurationList;
			buildConfigurations = (
				CF335DBB2630026A00C0EF66 /* Debug */,
				CF335DBC2630026A00C0EF66 /* Release */,
			);
			defaultConfigurationIsVisible = 0;
			defaultConfigurationName = Release;
		};
/* End XCConfigurationList section */
	};
	rootObject = CF335D9A2630026900C0EF66 /* Project object */;
}
